
Microsoft Visual Studio Solution File, Format Version 12.00
# Visual Studio Version 17
VisualStudioVersion = 17.3.32825.248
MinimumVisualStudioVersion = 10.0.40219.1
Project("{9A19103F-16F7-4668-BE54-9A1E7A4F7556}") = "Our.Umbraco.StorageProviders.AWSS3", "Umbraco.StorageProviders.AWSS3\Our.Umbraco.StorageProviders.AWSS3.csproj", "{4A1C3CCF-E545-4F07-B6BC-A433D3A727AD}"
EndProject
Global
	GlobalSection(SolutionConfigurationPlatforms) = preSolution
		Debug|Any CPU = Debug|Any CPU
		Release|Any CPU = Release|Any CPU
	EndGlobalSection
	GlobalSection(ProjectConfigurationPlatforms) = postSolution
		{4A1C3CCF-E545-4F07-B6BC-A433D3A727AD}.Debug|Any CPU.ActiveCfg = Debug|Any CPU
		{4A1C3CCF-E545-4F07-B6BC-A433D3A727AD}.Debug|Any CPU.Build.0 = Debug|Any CPU
		{4A1C3CCF-E545-4F07-B6BC-A433D3A727AD}.Release|Any CPU.ActiveCfg = Release|Any CPU
		{4A1C3CCF-E545-4F07-B6BC-A433D3A727AD}.Release|Any CPU.Build.0 = Release|Any CPU
	EndGlobalSection
	GlobalSection(SolutionProperties) = preSolution
		HideSolutionNode = FALSE
	EndGlobalSection
	GlobalSection(ExtensibilityGlobals) = postSolution
		SolutionGuid = {9C20A78C-C895-41E9-9641-7B987FA1463D}
	EndGlobalSection
EndGlobal
